// !$*UTF8*$!
{
	archiveVersion = 1;
	classes = {
	};
	objectVersion = 55;
	objects = {

/* Begin PBXBuildFile section */
		96AA6F36789A46F4CE5EB855 /* Pods_NaverLogin_Demo.framework in Frameworks */ = {isa = PBXBuildFile; fileRef = BB9047608AF39A1DACD5B0BB /* Pods_NaverLogin_Demo.framework */; };
		99B1FA20271A9723004C841F /* AppDelegate.swift in Sources */ = {isa = PBXBuildFile; fileRef = 99B1FA1F271A9723004C841F /* AppDelegate.swift */; };
		99B1FA22271A9723004C841F /* SceneDelegate.swift in Sources */ = {isa = PBXBuildFile; fileRef = 99B1FA21271A9723004C841F /* SceneDelegate.swift */; };
		99B1FA24271A9723004C841F /* ViewController.swift in Sources */ = {isa = PBXBuildFile; fileRef = 99B1FA23271A9723004C841F /* ViewController.swift */; };
		99B1FA27271A9723004C841F /* Main.storyboard in Resources */ = {isa = PBXBuildFile; fileRef = 99B1FA25271A9723004C841F /* Main.storyboard */; };
		99B1FA29271A9725004C841F /* Assets.xcassets in Resources */ = {isa = PBXBuildFile; fileRef = 99B1FA28271A9725004C841F /* Assets.xcassets */; };
		99B1FA2C271A9725004C841F /* LaunchScreen.storyboard in Resources */ = {isa = PBXBuildFile; fileRef = 99B1FA2A271A9725004C841F /* LaunchScreen.storyboard */; };
/* End PBXBuildFile section */

/* Begin PBXFileReference section */
		4D5FBF0AF60A577B5592ED32 /* Pods-NaverLogin_Demo.debug.xcconfig */ = {isa = PBXFileReference; includeInIndex = 1; lastKnownFileType = text.xcconfig; name = "Pods-NaverLogin_Demo.debug.xcconfig"; path = "Target Support Files/Pods-NaverLogin_Demo/Pods-NaverLogin_Demo.debug.xcconfig"; sourceTree = "<group>"; };
		587A9AF5FB21A3B304A96A4A /* Pods-NaverLogin_Demo.release.xcconfig */ = {isa = PBXFileReference; includeInIndex = 1; lastKnownFileType = text.xcconfig; name = "Pods-NaverLogin_Demo.release.xcconfig"; path = "Target Support Files/Pods-NaverLogin_Demo/Pods-NaverLogin_Demo.release.xcconfig"; sourceTree = "<group>"; };
		991FE1F2271D21AD00049D94 /* README.md */ = {isa = PBXFileReference; lastKnownFileType = net.daringfireball.markdown; path = README.md; sourceTree = "<group>"; };
		99B1FA1C271A9723004C841F /* NaverLogin_Demo.app */ = {isa = PBXFileReference; explicitFileType = wrapper.application; includeInIndex = 0; path = NaverLogin_Demo.app; sourceTree = BUILT_PRODUCTS_DIR; };
		99B1FA1F271A9723004C841F /* AppDelegate.swift */ = {isa = PBXFileReference; lastKnownFileType = sourcecode.swift; path = AppDelegate.swift; sourceTree = "<group>"; };
		99B1FA21271A9723004C841F /* SceneDelegate.swift */ = {isa = PBXFileReference; lastKnownFileType = sourcecode.swift; path = SceneDelegate.swift; sourceTree = "<group>"; };
		99B1FA23271A9723004C841F /* ViewController.swift */ = {isa = PBXFileReference; lastKnownFileType = sourcecode.swift; path = ViewController.swift; sourceTree = "<group>"; };
		99B1FA26271A9723004C841F /* Base */ = {isa = PBXFileReference; lastKnownFileType = file.storyboard; name = Base; path = Base.lproj/Main.storyboard; sourceTree = "<group>"; };
		99B1FA28271A9725004C841F /* Assets.xcassets */ = {isa = PBXFileReference; lastKnownFileType = folder.assetcatalog; path = Assets.xcassets; sourceTree = "<group>"; };
		99B1FA2B271A9725004C841F /* Base */ = {isa = PBXFileReference; lastKnownFileType = file.storyboard; name = Base; path = Base.lproj/LaunchScreen.storyboard; sourceTree = "<group>"; };
		99B1FA2D271A9725004C841F /* Info.plist */ = {isa = PBXFileReference; lastKnownFileType = text.plist.xml; path = Info.plist; sourceTree = "<group>"; };
		BB9047608AF39A1DACD5B0BB /* Pods_NaverLogin_Demo.framework */ = {isa = PBXFileReference; explicitFileType = wrapper.framework; includeInIndex = 0; path = Pods_NaverLogin_Demo.framework; sourceTree = BUILT_PRODUCTS_DIR; };
/* End PBXFileReference section */

/* Begin PBXFrameworksBuildPhase section */
		99B1FA19271A9723004C841F /* Frameworks */ = {
			isa = PBXFrameworksBuildPhase;
			buildActionMask = 2147483647;
			files = (
				96AA6F36789A46F4CE5EB855 /* Pods_NaverLogin_Demo.framework in Frameworks */,
			);
			runOnlyForDeploymentPostprocessing = 0;
		};
/* End PBXFrameworksBuildPhase section */

/* Begin PBXGroup section */
		7EF1DEDB86B57031768380EA /* Pods */ = {
			isa = PBXGroup;
			children = (
				4D5FBF0AF60A577B5592ED32 /* Pods-NaverLogin_Demo.debug.xcconfig */,
				587A9AF5FB21A3B304A96A4A /* Pods-NaverLogin_Demo.release.xcconfig */,
			);
			path = Pods;
			sourceTree = "<group>";
		};
		99B1FA13271A9723004C841F = {
			isa = PBXGroup;
			children = (
				99B1FA1E271A9723004C841F /* NaverLogin_Demo */,
				99B1FA1D271A9723004C841F /* Products */,
				7EF1DEDB86B57031768380EA /* Pods */,
				A5AE8C5BB6821FB38E032286 /* Frameworks */,
			);
			sourceTree = "<group>";
		};
		99B1FA1D271A9723004C841F /* Products */ = {
			isa = PBXGroup;
			children = (
				99B1FA1C271A9723004C841F /* NaverLogin_Demo.app */,
			);
			name = Products;
			sourceTree = "<group>";
		};
		99B1FA1E271A9723004C841F /* NaverLogin_Demo */ = {
			isa = PBXGroup;
			children = (
				99B1FA1F271A9723004C841F /* AppDelegate.swift */,
				99B1FA21271A9723004C841F /* SceneDelegate.swift */,
				99B1FA23271A9723004C841F /* ViewController.swift */,
				99B1FA25271A9723004C841F /* Main.storyboard */,
				99B1FA28271A9725004C841F /* Assets.xcassets */,
				99B1FA2A271A9725004C841F /* LaunchScreen.storyboard */,
				99B1FA2D271A9725004C841F /* Info.plist */,
				991FE1F2271D21AD00049D94 /* README.md */,
			);
			path = NaverLogin_Demo;
			sourceTree = "<group>";
		};
		A5AE8C5BB6821FB38E032286 /* Frameworks */ = {
			isa = PBXGroup;
			children = (
				BB9047608AF39A1DACD5B0BB /* Pods_NaverLogin_Demo.framework */,
			);
			name = Frameworks;
			sourceTree = "<group>";
		};
/* End PBXGroup section */

/* Begin PBXNativeTarget section */
		99B1FA1B271A9723004C841F /* NaverLogin_Demo */ = {
			isa = PBXNativeTarget;
			buildConfigurationList = 99B1FA30271A9725004C841F /* Build configuration list for PBXNativeTarget "NaverLogin_Demo" */;
			buildPhases = (
				CF02164BD96E2A88E1B31314 /* [CP] Check Pods Manifest.lock */,
				99B1FA18271A9723004C841F /* Sources */,
				99B1FA19271A9723004C841F /* Frameworks */,
				99B1FA1A271A9723004C841F /* Resources */,
				7941747551FA3346CE9F5E32 /* [CP] Embed Pods Frameworks */,
			);
			buildRules = (
			);
			dependencies = (
			);
			name = NaverLogin_Demo;
			productName = NaverLogin_Demo;
			productReference = 99B1FA1C271A9723004C841F /* NaverLogin_Demo.app */;
			productType = "com.apple.product-type.application";
		};
/* End PBXNativeTarget section */

/* Begin PBXProject section */
		99B1FA14271A9723004C841F /* Project object */ = {
			isa = PBXProject;
			attributes = {
				BuildIndependentTargetsInParallel = 1;
				LastSwiftUpdateCheck = 1300;
				LastUpgradeCheck = 1300;
				TargetAttributes = {
					99B1FA1B271A9723004C841F = {
						CreatedOnToolsVersion = 13.0;
					};
				};
			};
			buildConfigurationList = 99B1FA17271A9723004C841F /* Build configuration list for PBXProject "NaverLogin_Demo" */;
			compatibilityVersion = "Xcode 13.0";
			developmentRegion = en;
			hasScannedForEncodings = 0;
			knownRegions = (
				en,
				Base,
			);
			mainGroup = 99B1FA13271A9723004C841F;
			productRefGroup = 99B1FA1D271A9723004C841F /* Products */;
			projectDirPath = "";
			projectRoot = "";
			targets = (
				99B1FA1B271A9723004C841F /* NaverLogin_Demo */,
			);
		};
/* End PBXProject section */

/* Begin PBXResourcesBuildPhase section */
		99B1FA1A271A9723004C841F /* Resources */ = {
			isa = PBXResourcesBuildPhase;
			buildActionMask = 2147483647;
			files = (
				99B1FA2C271A9725004C841F /* LaunchScreen.storyboard in Resources */,
				99B1FA29271A9725004C841F /* Assets.xcassets in Resources */,
				99B1FA27271A9723004C841F /* Main.storyboard in Resources */,
			);
			runOnlyForDeploymentPostprocessing = 0;
		};
/* End PBXResourcesBuildPhase section */

/* Begin PBXShellScriptBuildPhase section */
		7941747551FA3346CE9F5E32 /* [CP] Embed Pods Frameworks */ = {
			isa = PBXShellScriptBuildPhase;
			buildActionMask = 2147483647;
			files = (
			);
			inputFileListPaths = (
				"${PODS_ROOT}/Target Support Files/Pods-NaverLogin_Demo/Pods-NaverLogin_Demo-frameworks-${CONFIGURATION}-input-files.xcfilelist",
			);
			name = "[CP] Embed Pods Frameworks";
			outputFileListPaths = (
				"${PODS_ROOT}/Target Support Files/Pods-NaverLogin_Demo/Pods-NaverLogin_Demo-frameworks-${CONFIGURATION}-output-files.xcfilelist",
			);
			runOnlyForDeploymentPostprocessing = 0;
			shellPath = /bin/sh;
			shellScript = "\"${PODS_ROOT}/Target Support Files/Pods-NaverLogin_Demo/Pods-NaverLogin_Demo-frameworks.sh\"\n";
			showEnvVarsInLog = 0;
		};
		CF02164BD96E2A88E1B31314 /* [CP] Check Pods Manifest.lock */ = {
			isa = PBXShellScriptBuildPhase;
			buildActionMask = 2147483647;
			files = (
			);
			inputFileListPaths = (
			);
			inputPaths = (
				"${PODS_PODFILE_DIR_PATH}/Podfile.lock",
				"${PODS_ROOT}/Manifest.lock",
			);
			name = "[CP] Check Pods Manifest.lock";
			outputFileListPaths = (
			);
			outputPaths = (
				"$(DERIVED_FILE_DIR)/Pods-NaverLogin_Demo-checkManifestLockResult.txt",
			);
			runOnlyForDeploymentPostprocessing = 0;
			shellPath = /bin/sh;
			shellScript = "diff \"${PODS_PODFILE_DIR_PATH}/Podfile.lock\" \"${PODS_ROOT}/Manifest.lock\" > /dev/null\nif [ $? != 0 ] ; then\n    # print error to STDERR\n    echo \"error: The sandbox is not in sync with the Podfile.lock. Run 'pod install' or update your CocoaPods installation.\" >&2\n    exit 1\nfi\n# This output is used by Xcode 'outputs' to avoid re-running this script phase.\necho \"SUCCESS\" > \"${SCRIPT_OUTPUT_FILE_0}\"\n";
			showEnvVarsInLog = 0;
		};
/* End PBXShellScriptBuildPhase section */

/* Begin PBXSourcesBuildPhase section */
		99B1FA18271A9723004C841F /* Sources */ = {
			isa = PBXSourcesBuildPhase;
			buildActionMask = 2147483647;
			files = (
				99B1FA24271A9723004C841F /* ViewController.swift in Sources */,
				99B1FA20271A9723004C841F /* AppDelegate.swift in Sources */,
				99B1FA22271A9723004C841F /* SceneDelegate.swift in Sources */,
			);
			runOnlyForDeploymentPostprocessing = 0;
		};
/* End PBXSourcesBuildPhase section */

/* Begin PBXVariantGroup section */
		99B1FA25271A9723004C841F /* Main.storyboard */ = {
			isa = PBXVariantGroup;
			children = (
				99B1FA26271A9723004C841F /* Base */,
			);
			name = Main.storyboard;
			sourceTree = "<group>";
		};
		99B1FA2A271A9725004C841F /* LaunchScreen.storyboard */ = {
			isa = PBXVariantGroup;
			children = (
				99B1FA2B271A9725004C841F /* Base */,
			);
			name = LaunchScreen.storyboard;
			sourceTree = "<group>";
		};
/* End PBXVariantGroup section */

/* Begin XCBuildConfiguration section */
		99B1FA2E271A9725004C841F /* Debug */ = {
			isa = XCBuildConfiguration;
			buildSettings = {
				ALWAYS_SEARCH_USER_PATHS = NO;
				CLANG_ANALYZER_NONNULL = YES;
				CLANG_ANALYZER_NUMBER_OBJECT_CONVERSION = YES_AGGRESSIVE;
				CLANG_CXX_LANGUAGE_STANDARD = "gnu++17";
				CLANG_CXX_LIBRARY = "libc++";
				CLANG_ENABLE_MODULES = YES;
				CLANG_ENABLE_OBJC_ARC = YES;
				CLANG_ENABLE_OBJC_WEAK = YES;
				CLANG_WARN_BLOCK_CAPTURE_AUTORELEASING = YES;
				CLANG_WARN_BOOL_CONVERSION = YES;
				CLANG_WARN_COMMA = YES;
				CLANG_WARN_CONSTANT_CONVERSION = YES;
				CLANG_WARN_DEPRECATED_OBJC_IMPLEMENTATIONS = YES;
				CLANG_WARN_DIRECT_OBJC_ISA_USAGE = YES_ERROR;
				CLANG_WARN_DOCUMENTATION_COMMENTS = YES;
				CLANG_WARN_EMPTY_BODY = YES;
				CLANG_WARN_ENUM_CONVERSION = YES;
				CLANG_WARN_INFINITE_RECURSION = YES;
				CLANG_WARN_INT_CONVERSION = YES;
				CLANG_WARN_NON_LITERAL_NULL_CONVERSION = YES;
				CLANG_WARN_OBJC_IMPLICIT_RETAIN_SELF = YES;
				CLANG_WARN_OBJC_LITERAL_CONVERSION = YES;
				CLANG_WARN_OBJC_ROOT_CLASS = YES_ERROR;
				CLANG_WARN_QUOTED_INCLUDE_IN_FRAMEWORK_HEADER = YES;
				CLANG_WARN_RANGE_LOOP_ANALYSIS = YES;
				CLANG_WARN_STRICT_PROTOTYPES = YES;
				CLANG_WARN_SUSPICIOUS_MOVE = YES;
				CLANG_WARN_UNGUARDED_AVAILABILITY = YES_AGGRESSIVE;
				CLANG_WARN_UNREACHABLE_CODE = YES;
				CLANG_WARN__DUPLICATE_METHOD_MATCH = YES;
				COPY_PHASE_STRIP = NO;
				DEBUG_INFORMATION_FORMAT = dwarf;
				ENABLE_STRICT_OBJC_MSGSEND = YES;
				ENABLE_TESTABILITY = YES;
				EXCLUDED_ARCHS = "";
				"EXCLUDED_ARCHS[sdk=iphonesimulator*]" = "";
				GCC_C_LANGUAGE_STANDARD = gnu11;
				GCC_DYNAMIC_NO_PIC = NO;
				GCC_NO_COMMON_BLOCKS = YES;
				GCC_OPTIMIZATION_LEVEL = 0;
				GCC_PREPROCESSOR_DEFINITIONS = (
					"DEBUG=1",
					"$(inherited)",
				);
				GCC_WARN_64_TO_32_BIT_CONVERSION = YES;
				GCC_WARN_ABOUT_RETURN_TYPE = YES_ERROR;
				GCC_WARN_UNDECLARED_SELECTOR = YES;
				GCC_WARN_UNINITIALIZED_AUTOS = YES_AGGRESSIVE;
				GCC_WARN_UNUSED_FUNCTION = YES;
				GCC_WARN_UNUSED_VARIABLE = YES;
				IPHONEOS_DEPLOYMENT_TARGET = 15.0;
				MTL_ENABLE_DEBUG_INFO = INCLUDE_SOURCE;
				MTL_FAST_MATH = YES;
				ONLY_ACTIVE_ARCH = YES;
				SDKROOT = iphoneos;
				SWIFT_ACTIVE_COMPILATION_CONDITIONS = DEBUG;
				SWIFT_OPTIMIZATION_LEVEL = "-Onone";
			};
			name = Debug;
		};
		99B1FA2F271A9725004C841F /* Release */ = {
			isa = XCBuildConfiguration;
			buildSettings = {
				ALWAYS_SEARCH_USER_PATHS = NO;
				CLANG_ANALYZER_NONNULL = YES;
				CLANG_ANALYZER_NUMBER_OBJECT_CONVERSION = YES_AGGRESSIVE;
				CLANG_CXX_LANGUAGE_STANDARD = "gnu++17";
				CLANG_CXX_LIBRARY = "libc++";
				CLANG_ENABLE_MODULES = YES;
				CLANG_ENABLE_OBJC_ARC = YES;
				CLANG_ENABLE_OBJC_WEAK = YES;
				CLANG_WARN_BLOCK_CAPTURE_AUTORELEASING = YES;
				CLANG_WARN_BOOL_CONVERSION = YES;
				CLANG_WARN_COMMA = YES;
				CLANG_WARN_CONSTANT_CONVERSION = YES;
				CLANG_WARN_DEPRECATED_OBJC_IMPLEMENTATIONS = YES;
				CLANG_WARN_DIRECT_OBJC_ISA_USAGE = YES_ERROR;
				CLANG_WARN_DOCUMENTATION_COMMENTS = YES;
				CLANG_WARN_EMPTY_BODY = YES;
				CLANG_WARN_ENUM_CONVERSION = YES;
				CLANG_WARN_INFINITE_RECURSION = YES;
				CLANG_WARN_INT_CONVERSION = YES;
				CLANG_WARN_NON_LITERAL_NULL_CONVERSION = YES;
				CLANG_WARN_OBJC_IMPLICIT_RETAIN_SELF = YES;
				CLANG_WARN_OBJC_LITERAL_CONVERSION = YES;
				CLANG_WARN_OBJC_ROOT_CLASS = YES_ERROR;
				CLANG_WARN_QUOTED_INCLUDE_IN_FRAMEWORK_HEADER = YES;
				CLANG_WARN_RANGE_LOOP_ANALYSIS = YES;
				CLANG_WARN_STRICT_PROTOTYPES = YES;
				CLANG_WARN_SUSPICIOUS_MOVE = YES;
				CLANG_WARN_UNGUARDED_AVAILABILITY = YES_AGGRESSIVE;
				CLANG_WARN_UNREACHABLE_CODE = YES;
				CLANG_WARN__DUPLICATE_METHOD_MATCH = YES;
				COPY_PHASE_STRIP = NO;
				DEBUG_INFORMATION_FORMAT = "dwarf-with-dsym";
				ENABLE_NS_ASSERTIONS = NO;
				ENABLE_STRICT_OBJC_MSGSEND = YES;
				"EXCLUDED_ARCHS[sdk=iphonesimulator*]" = "";
				GCC_C_LANGUAGE_STANDARD = gnu11;
				GCC_NO_COMMON_BLOCKS = YES;
				GCC_WARN_64_TO_32_BIT_CONVERSION = YES;
				GCC_WARN_ABOUT_RETURN_TYPE = YES_ERROR;
				GCC_WARN_UNDECLARED_SELECTOR = YES;
				GCC_WARN_UNINITIALIZED_AUTOS = YES_AGGRESSIVE;
				GCC_WARN_UNUSED_FUNCTION = YES;
				GCC_WARN_UNUSED_VARIABLE = YES;
				IPHONEOS_DEPLOYMENT_TARGET = 15.0;
				MTL_ENABLE_DEBUG_INFO = NO;
				MTL_FAST_MATH = YES;
				ONLY_ACTIVE_ARCH = YES;
				SDKROOT = iphoneos;
				SWIFT_COMPILATION_MODE = wholemodule;
				SWIFT_OPTIMIZATION_LEVEL = "-O";
				VALIDATE_PRODUCT = YES;
			};
			name = Release;
		};
		99B1FA31271A9725004C841F /* Debug */ = {
			isa = XCBuildConfiguration;
			baseConfigurationReference = 4D5FBF0AF60A577B5592ED32 /* Pods-NaverLogin_Demo.debug.xcconfig */;
			buildSettings = {
				ASSETCATALOG_COMPILER_APPICON_NAME = AppIcon;
				ASSETCATALOG_COMPILER_GLOBAL_ACCENT_COLOR_NAME = AccentColor;
				CODE_SIGN_STYLE = Automatic;
				CURRENT_PROJECT_VERSION = 1;
				DEVELOPMENT_TEAM = JXFMRW69P3;
				GENERATE_INFOPLIST_FILE = YES;
				INFOPLIST_FILE = NaverLogin_Demo/Info.plist;
				INFOPLIST_KEY_UIApplicationSupportsIndirectInputEvents = YES;
				INFOPLIST_KEY_UILaunchStoryboardName = LaunchScreen;
				INFOPLIST_KEY_UIMainStoryboardFile = Main;
				INFOPLIST_KEY_UISupportedInterfaceOrientations_iPad = "UIInterfaceOrientationPortrait UIInterfaceOrientationPortraitUpsideDown UIInterfaceOrientationLandscapeLeft UIInterfaceOrientationLandscapeRight";
				INFOPLIST_KEY_UISupportedInterfaceOrientations_iPhone = "UIInterfaceOrientationPortrait UIInterfaceOrientationLandscapeLeft UIInterfaceOrientationLandscapeRight";
				LD_RUNPATH_SEARCH_PATHS = (
					"$(inherited)",
					"@executable_path/Frameworks",
				);
				MARKETING_VERSION = 1.0;
				PRODUCT_BUNDLE_IDENTIFIER = "iOSoo.NaverLogin-Demo";
				PRODUCT_NAME = "$(TARGET_NAME)";
				SWIFT_EMIT_LOC_STRINGS = YES;
				SWIFT_VERSION = 5.0;
				TARGETED_DEVICE_FAMILY = "1,2";
			};
			name = Debug;
		};
		99B1FA32271A9725004C841F /* Release */ = {
			isa = XCBuildConfiguration;
			baseConfigurationReference = 587A9AF5FB21A3B304A96A4A /* Pods-NaverLogin_Demo.release.xcconfig */;
			buildSettings = {
				ASSETCATALOG_COMPILER_APPICON_NAME = AppIcon;
				ASSETCATALOG_COMPILER_GLOBAL_ACCENT_COLOR_NAME = AccentColor;
				CODE_SIGN_STYLE = Automatic;
				CURRENT_PROJECT_VERSION = 1;
				DEVELOPMENT_TEAM = JXFMRW69P3;
				GENERATE_INFOPLIST_FILE = YES;
				INFOPLIST_FILE = NaverLogin_Demo/Info.plist;
				INFOPLIST_KEY_UIApplicationSupportsIndirectInputEvents = YES;
				INFOPLIST_KEY_UILaunchStoryboardName = LaunchScreen;
				INFOPLIST_KEY_UIMainStoryboardFile = Main;
				INFOPLIST_KEY_UISupportedInterfaceOrientations_iPad = "UIInterfaceOrientationPortrait UIInterfaceOrientationPortraitUpsideDown UIInterfaceOrientationLandscapeLeft UIInterfaceOrientationLandscapeRight";
				INFOPLIST_KEY_UISupportedInterfaceOrientations_iPhone = "UIInterfaceOrientationPortrait UIInterfaceOrientationLandscapeLeft UIInterfaceOrientationLandscapeRight";
				LD_RUNPATH_SEARCH_PATHS = (
					"$(inherited)",
					"@executable_path/Frameworks",
				);
				MARKETING_VERSION = 1.0;
				PRODUCT_BUNDLE_IDENTIFIER = "iOSoo.NaverLogin-Demo";
				PRODUCT_NAME = "$(TARGET_NAME)";
				SWIFT_EMIT_LOC_STRINGS = YES;
				SWIFT_VERSION = 5.0;
				TARGETED_DEVICE_FAMILY = "1,2";
			};
			name = Release;
		};
/* End XCBuildConfiguration section */

/* Begin XCConfigurationList section */
		99B1FA17271A9723004C841F /* Build configuration list for PBXProject "NaverLogin_Demo" */ = {
			isa = XCConfigurationList;
			buildConfigurations = (
				99B1FA2E271A9725004C841F /* Debug */,
				99B1FA2F271A9725004C841F /* Release */,
			);
			defaultConfigurationIsVisible = 0;
			defaultConfigurationName = Release;
		};
		99B1FA30271A9725004C841F /* Build configuration list for PBXNativeTarget "NaverLogin_Demo" */ = {
			isa = XCConfigurationList;
			buildConfigurations = (
				99B1FA31271A9725004C841F /* Debug */,
				99B1FA32271A9725004C841F /* Release */,
			);
			defaultConfigurationIsVisible = 0;
			defaultConfigurationName = Release;
		};
/* End XCConfigurationList section */
	};
	rootObject = 99B1FA14271A9723004C841F /* Project object */;
}
